
Microsoft Visual Studio Solution File, Format Version 12.00
# Visual Studio Version 17
VisualStudioVersion = 17.4.33205.214
MinimumVisualStudioVersion = 10.0.40219.1
Project("{FAE04EC0-301F-11D3-BF4B-00C04F79EFBC}") = "GeomPad", "GeomPad\GeomPad.csproj", "{3C92F4CC-CDD6-4AD7-B30C-3563264D75A2}"
EndProject
Project("{FAE04EC0-301F-11D3-BF4B-00C04F79EFBC}") = "clipperLib", "clipper\clipperLib.csproj", "{9B062971-A88E-4A3D-B3C9-12B78D15FA66}"
EndProject
Project("{FAE04EC0-301F-11D3-BF4B-00C04F79EFBC}") = "Triangle", "Triangle\Triangle.csproj", "{5A12C4A1-BC07-4F18-82B5-B08E150025DF}"
EndProject
Project("{FAE04EC0-301F-11D3-BF4B-00C04F79EFBC}") = "GeomPad.Common", "GeomPad.Common\GeomPad.Common.csproj", "{4CE2103C-8A84-495C-A2DA-5B523825C6EA}"
EndProject
Global
	GlobalSection(SolutionConfigurationPlatforms) = preSolution
		Debug|Any CPU = Debug|Any CPU
		Release|Any CPU = Release|Any CPU
	EndGlobalSection
	GlobalSection(ProjectConfigurationPlatforms) = postSolution
		{3C92F4CC-CDD6-4AD7-B30C-3563264D75A2}.Debug|Any CPU.ActiveCfg = Debug|Any CPU
		{3C92F4CC-CDD6-4AD7-B30C-3563264D75A2}.Debug|Any CPU.Build.0 = Debug|Any CPU
		{3C92F4CC-CDD6-4AD7-B30C-3563264D75A2}.Release|Any CPU.ActiveCfg = Release|Any CPU
		{3C92F4CC-CDD6-4AD7-B30C-3563264D75A2}.Release|Any CPU.Build.0 = Release|Any CPU
		{9B062971-A88E-4A3D-B3C9-12B78D15FA66}.Debug|Any CPU.ActiveCfg = Debug|Any CPU
		{9B062971-A88E-4A3D-B3C9-12B78D15FA66}.Debug|Any CPU.Build.0 = Debug|Any CPU
		{9B062971-A88E-4A3D-B3C9-12B78D15FA66}.Release|Any CPU.ActiveCfg = Release|Any CPU
		{9B062971-A88E-4A3D-B3C9-12B78D15FA66}.Release|Any CPU.Build.0 = Release|Any CPU
		{5A12C4A1-BC07-4F18-82B5-B08E150025DF}.Debug|Any CPU.ActiveCfg = Debug|Any CPU
		{5A12C4A1-BC07-4F18-82B5-B08E150025DF}.Debug|Any CPU.Build.0 = Debug|Any CPU
		{5A12C4A1-BC07-4F18-82B5-B08E150025DF}.Release|Any CPU.ActiveCfg = Release|Any CPU
		{5A12C4A1-BC07-4F18-82B5-B08E150025DF}.Release|Any CPU.Build.0 = Release|Any CPU
		{4CE2103C-8A84-495C-A2DA-5B523825C6EA}.Debug|Any CPU.ActiveCfg = Debug|Any CPU
		{4CE2103C-8A84-495C-A2DA-5B523825C6EA}.Debug|Any CPU.Build.0 = Debug|Any CPU
		{4CE2103C-8A84-495C-A2DA-5B523825C6EA}.Release|Any CPU.ActiveCfg = Release|Any CPU
		{4CE2103C-8A84-495C-A2DA-5B523825C6EA}.Release|Any CPU.Build.0 = Release|Any CPU
	EndGlobalSection
	GlobalSection(SolutionProperties) = preSolution
		HideSolutionNode = FALSE
	EndGlobalSection
	GlobalSection(ExtensibilityGlobals) = postSolution
		SolutionGuid = {BEAF109B-722D-469A-8484-A4B2C7CB82C5}
	EndGlobalSection
EndGlobal
